{
  "name": "lib-nnbc",
  "version": "0.1.0",
  "lockfileVersion": 2,
  "requires": true,
  "packages": {
    "": {
      "version": "0.1.0",
      "license": "proprietary",
      "devDependencies": {
        "@types/node": "^12.12.68"
      }
    },
    "node_modules/@types/node": {
      "version": "12.20.7",
      "resolved": "https://registry.npmjs.org/@types/node/-/node-12.20.7.tgz",
      "integrity": "sha512-gWL8VUkg8VRaCAUgG9WmhefMqHmMblxe2rVpMF86nZY/+ZysU+BkAp+3cz03AixWDSSz0ks5WX59yAhv/cDwFA==",
      "dev": true
    }
  },
  "dependencies": {
    "@types/node": {
      "version": "12.20.7",
      "resolved": "https://registry.npmjs.org/@types/node/-/node-12.20.7.tgz",
      "integrity": "sha512-gWL8VUkg8VRaCAUgG9WmhefMqHmMblxe2rVpMF86nZY/+ZysU+BkAp+3cz03AixWDSSz0ks5WX59yAhv/cDwFA==",
      "dev": true
    }
  }
}
